# This file was autogenerated by Stack.
# You should not edit this file by hand.
# For more information, please see the documentation at:
#   https://docs.haskellstack.org/en/stable/lock_files

packages:
- completed:
    hackage: beam-migrate-0.4.0.1@sha256:c53948a84972f67e97ba9c56f3dda9abfed556ba2f1672dc3070eb2512791efb,4920
    pantry-tree:
      size: 1720
      sha256: 7ab124f3ac3c74bf5b342d2ef73c9ef3c13ddd7b0804aea340423ceb1baf72a1
  original:
    hackage: beam-migrate-0.4.0.1
- completed:
    hackage: beam-postgres-0.4.0.0@sha256:a01443ce503cfc58cbe28f476252672282347579444b65f2925a12ba6a2c13f5,4173
    pantry-tree:
      size: 1519
      sha256: 43e16080098e8f673005723a0ca208850c88dced527030341f919859a54cde91
  original:
    hackage: beam-postgres-0.4.0.0
- completed:
    hackage: binary-orphans-0.1.8.0@sha256:009457e7f5f2dfdc32cb4b2b0bfc5d88ac78acb1b5fa8de15fd933ceb70cdeb6,2615
    pantry-tree:
      size: 380
      sha256: fbe0d58605e9e65aa161c4869190f1a2ab92f07a946aeff163aea9c272b3e6b5
  original:
    hackage: binary-orphans-0.1.8.0
- completed:
    hackage: jwt-0.10.0@sha256:d14551b0c357424fb9441ec9a7a9d5b90b13f805fcc9327ba49db548cd64fc29,4180
    pantry-tree:
      size: 1027
      sha256: e0cf95e834d99768ad8a3f7e99246948f0cdd2cfa18813517f540144aea6c3e5
  original:
    hackage: jwt-0.10.0
- completed:
    hackage: servant-github-webhook-0.4.1.0@sha256:6ac456ccc6a2a96b30a7b80cd91b121f1b7e9bd33635641a6afbd6137700a753,2754
    pantry-tree:
      size: 576
      sha256: f00112fb96ffe1caa7076a466868af0b47eed0ffea92792b3cde5a5e369a7005
  original:
    hackage: servant-github-webhook-0.4.1.0
- completed:
    hackage: servant-pipes-0.15@sha256:2476d4975ca1b06d0a2e4ad32780263508a9cb63f78c0dbd3095c4bbad239ce0,1891
    pantry-tree:
      size: 325
      sha256: 6d14cca3cf57b34777454797555d3f374a6a92f961c86188c38ca5497bb682c1
  original:
    hackage: servant-pipes-0.15
- completed:
    cabal-file:
      size: 2253
      sha256: a3ff22d4a288d7d8b60b9b80f3f053403b0ace4969ed18dacd840610a2e330d7
    name: servant-websockets
    version: 1.2.0
    git: https://github.com/OndrejSlamecka/servant-websockets.git
    pantry-tree:
      size: 682
      sha256: d6d2c345d4ac7c63e69aefc679fa44204ae9a31457fffeaa54acf79db44e5048
    commit: 9ff8a6ba6aeaa14669a0f2b8a62439f29669a8f7
  original:
    git: https://github.com/OndrejSlamecka/servant-websockets.git
    commit: 9ff8a6ba6aeaa14669a0f2b8a62439f29669a8f7
- completed:
    cabal-file:
      size: 1479
      sha256: 00d475b5227a77461a27df880d6572f9d4afad6409f4f58e307391bfbacf2534
    name: servant-event-stream
    version: 0.1.0.0
    git: https://github.com/bflyblue/servant-event-stream.git
    pantry-tree:
      size: 639
      sha256: 2c9b72f3714d6cfc20ca85c1e19952e895920721dab95a207bba9c4d6c14e70d
    commit: f7af41ab81073ae054631baa4f8c9ecf6c8bc944
  original:
    git: https://github.com/bflyblue/servant-event-stream.git
    commit: f7af41ab81073ae054631baa4f8c9ecf6c8bc944
snapshots:
- completed:
    size: 524104
    url: https://raw.githubusercontent.com/commercialhaskell/stackage-snapshots/master/lts/14/5.yaml
    sha256: 3c146eebc1b383211ea49d5422fb3d63d699da12307b4bc989107300eb579d60
  original: lts-14.5
